
Microsoft Visual Studio Solution File, Format Version 12.00
# Visual Studio Version 17
VisualStudioVersion = 17.3.32929.385
MinimumVisualStudioVersion = 10.0.40219.1
Project("{FAE04EC0-301F-11D3-BF4B-00C04F79EFBC}") = "S10243387_Qn01", "S10243387_Qn01\S10243387_Qn01.csproj", "{FC3FDE2A-A5CB-4ECC-ADA9-773447A9BB25}"
EndProject
Global
	GlobalSection(SolutionConfigurationPlatforms) = preSolution
		Debug|Any CPU = Debug|Any CPU
		Release|Any CPU = Release|Any CPU
	EndGlobalSection
	GlobalSection(ProjectConfigurationPlatforms) = postSolution
		{FC3FDE2A-A5CB-4ECC-ADA9-773447A9BB25}.Debug|Any CPU.ActiveCfg = Debug|Any CPU
		{FC3FDE2A-A5CB-4ECC-ADA9-773447A9BB25}.Debug|Any CPU.Build.0 = Debug|Any CPU
		{FC3FDE2A-A5CB-4ECC-ADA9-773447A9BB25}.Release|Any CPU.ActiveCfg = Release|Any CPU
		{FC3FDE2A-A5CB-4ECC-ADA9-773447A9BB25}.Release|Any CPU.Build.0 = Release|Any CPU
	EndGlobalSection
	GlobalSection(SolutionProperties) = preSolution
		HideSolutionNode = FALSE
	EndGlobalSection
	GlobalSection(ExtensibilityGlobals) = postSolution
		SolutionGuid = {83E6E7C5-D882-48FC-8CB5-1A424CAEA2CA}
	EndGlobalSection
EndGlobal
